
Microsoft Visual Studio Solution File, Format Version 12.00
# Visual Studio Version 16
VisualStudioVersion = 16.0.31129.286
MinimumVisualStudioVersion = 10.0.40219.1
Project("{2150E333-8FDC-42A3-9474-1A3956D46DE8}") = "BuldingBlocks", "BuldingBlocks", "{0EC11935-0821-4EE5-8D3B-119A324E2971}"
EndProject
Project("{2150E333-8FDC-42A3-9474-1A3956D46DE8}") = "Services", "Services", "{955DD415-063D-4D28-88FA-D1FBD9C8E1D3}"
EndProject
Project("{2150E333-8FDC-42A3-9474-1A3956D46DE8}") = "Web", "Web", "{8BC925A2-20DB-45BB-8BDE-3E48B389D933}"
EndProject
Project("{2150E333-8FDC-42A3-9474-1A3956D46DE8}") = "src", "src", "{6A53417E-E79F-4906-A7B3-B24E4F0B4161}"
EndProject
Project("{2150E333-8FDC-42A3-9474-1A3956D46DE8}") = "Identidade", "Identidade", "{9A2AADAD-8C90-4357-821A-74B5E352D2C1}"
EndProject
Project("{9A19103F-16F7-4668-BE54-9A1E7A4F7556}") = "NSE.Identidade.API", "src\Services\NSE.Identidade.API\NSE.Identidade.API.csproj", "{153185FC-D64C-4326-AA4C-7D511A1B827A}"
EndProject
Project("{2150E333-8FDC-42A3-9474-1A3956D46DE8}") = "MVC", "MVC", "{324ACAD9-7C83-4BFF-AEAB-1944F7C8F005}"
EndProject
Project("{9A19103F-16F7-4668-BE54-9A1E7A4F7556}") = "NSE.WebApp.MVC", "src\Web\NSE.WebApp.MVC\NSE.WebApp.MVC.csproj", "{D12D3DBA-5816-477B-AA04-7FFE72607A6F}"
EndProject
Project("{2150E333-8FDC-42A3-9474-1A3956D46DE8}") = "Carrinho", "Carrinho", "{314BA587-6A05-448A-B25F-C3254182DCE2}"
EndProject
Project("{FAE04EC0-301F-11D3-BF4B-00C04F79EFBC}") = "NSE.Carrinho.API", "src\Services\NSE.Carrinho.API\NSE.Carrinho.API.csproj", "{F66B67FF-02CD-4CCA-BA1E-F980EC39B89F}"
EndProject
Project("{2150E333-8FDC-42A3-9474-1A3956D46DE8}") = "Catalogo", "Catalogo", "{441C5E97-C493-452A-A3E9-6187D81F59BC}"
EndProject
Project("{FAE04EC0-301F-11D3-BF4B-00C04F79EFBC}") = "NSE.Catalogo.API", "src\Services\NSE.Catalogo.API\NSE.Catalogo.API.csproj", "{F21213FD-BBDB-4120-A48F-A53B5FAC4224}"
EndProject
Project("{2150E333-8FDC-42A3-9474-1A3956D46DE8}") = "Cliente", "Cliente", "{7C61112B-93D5-41FB-9C40-03DDBA86BE9E}"
EndProject
Project("{FAE04EC0-301F-11D3-BF4B-00C04F79EFBC}") = "NSE.Cliente.API", "src\Services\NSE.Cliente.API\NSE.Cliente.API.csproj", "{AD73EEAD-953B-4D2F-A9E8-9A0812721B78}"
EndProject
Project("{2150E333-8FDC-42A3-9474-1A3956D46DE8}") = "Pagamento", "Pagamento", "{DCD91282-83CB-4F7F-B568-132199A20A3C}"
EndProject
Project("{FAE04EC0-301F-11D3-BF4B-00C04F79EFBC}") = "NSE.Pagamento.API", "src\Services\NSE.Pagamento.API\NSE.Pagamento.API.csproj", "{5B652E9A-EE6B-44AC-A3A0-0B60EDF1AC91}"
EndProject
Project("{2150E333-8FDC-42A3-9474-1A3956D46DE8}") = "Pedido", "Pedido", "{7407E6DB-D0D6-44FE-9FF9-D038954166CB}"
EndProject
Project("{FAE04EC0-301F-11D3-BF4B-00C04F79EFBC}") = "NSE.Pedido.API", "src\Services\NSE.Pedido.API\NSE.Pedido.API.csproj", "{6749AD3D-B4A2-47D0-96B5-CE7551502B97}"
EndProject
Global
	GlobalSection(SolutionConfigurationPlatforms) = preSolution
		Debug|Any CPU = Debug|Any CPU
		Release|Any CPU = Release|Any CPU
	EndGlobalSection
	GlobalSection(ProjectConfigurationPlatforms) = postSolution
		{153185FC-D64C-4326-AA4C-7D511A1B827A}.Debug|Any CPU.ActiveCfg = Debug|Any CPU
		{153185FC-D64C-4326-AA4C-7D511A1B827A}.Debug|Any CPU.Build.0 = Debug|Any CPU
		{153185FC-D64C-4326-AA4C-7D511A1B827A}.Release|Any CPU.ActiveCfg = Release|Any CPU
		{153185FC-D64C-4326-AA4C-7D511A1B827A}.Release|Any CPU.Build.0 = Release|Any CPU
		{D12D3DBA-5816-477B-AA04-7FFE72607A6F}.Debug|Any CPU.ActiveCfg = Debug|Any CPU
		{D12D3DBA-5816-477B-AA04-7FFE72607A6F}.Debug|Any CPU.Build.0 = Debug|Any CPU
		{D12D3DBA-5816-477B-AA04-7FFE72607A6F}.Release|Any CPU.ActiveCfg = Release|Any CPU
		{D12D3DBA-5816-477B-AA04-7FFE72607A6F}.Release|Any CPU.Build.0 = Release|Any CPU
		{F66B67FF-02CD-4CCA-BA1E-F980EC39B89F}.Debug|Any CPU.ActiveCfg = Debug|Any CPU
		{F66B67FF-02CD-4CCA-BA1E-F980EC39B89F}.Debug|Any CPU.Build.0 = Debug|Any CPU
		{F66B67FF-02CD-4CCA-BA1E-F980EC39B89F}.Release|Any CPU.ActiveCfg = Release|Any CPU
		{F66B67FF-02CD-4CCA-BA1E-F980EC39B89F}.Release|Any CPU.Build.0 = Release|Any CPU
		{F21213FD-BBDB-4120-A48F-A53B5FAC4224}.Debug|Any CPU.ActiveCfg = Debug|Any CPU
		{F21213FD-BBDB-4120-A48F-A53B5FAC4224}.Debug|Any CPU.Build.0 = Debug|Any CPU
		{F21213FD-BBDB-4120-A48F-A53B5FAC4224}.Release|Any CPU.ActiveCfg = Release|Any CPU
		{F21213FD-BBDB-4120-A48F-A53B5FAC4224}.Release|Any CPU.Build.0 = Release|Any CPU
		{AD73EEAD-953B-4D2F-A9E8-9A0812721B78}.Debug|Any CPU.ActiveCfg = Debug|Any CPU
		{AD73EEAD-953B-4D2F-A9E8-9A0812721B78}.Debug|Any CPU.Build.0 = Debug|Any CPU
		{AD73EEAD-953B-4D2F-A9E8-9A0812721B78}.Release|Any CPU.ActiveCfg = Release|Any CPU
		{AD73EEAD-953B-4D2F-A9E8-9A0812721B78}.Release|Any CPU.Build.0 = Release|Any CPU
		{5B652E9A-EE6B-44AC-A3A0-0B60EDF1AC91}.Debug|Any CPU.ActiveCfg = Debug|Any CPU
		{5B652E9A-EE6B-44AC-A3A0-0B60EDF1AC91}.Debug|Any CPU.Build.0 = Debug|Any CPU
		{5B652E9A-EE6B-44AC-A3A0-0B60EDF1AC91}.Release|Any CPU.ActiveCfg = Release|Any CPU
		{5B652E9A-EE6B-44AC-A3A0-0B60EDF1AC91}.Release|Any CPU.Build.0 = Release|Any CPU
		{6749AD3D-B4A2-47D0-96B5-CE7551502B97}.Debug|Any CPU.ActiveCfg = Debug|Any CPU
		{6749AD3D-B4A2-47D0-96B5-CE7551502B97}.Debug|Any CPU.Build.0 = Debug|Any CPU
		{6749AD3D-B4A2-47D0-96B5-CE7551502B97}.Release|Any CPU.ActiveCfg = Release|Any CPU
		{6749AD3D-B4A2-47D0-96B5-CE7551502B97}.Release|Any CPU.Build.0 = Release|Any CPU
	EndGlobalSection
	GlobalSection(SolutionProperties) = preSolution
		HideSolutionNode = FALSE
	EndGlobalSection
	GlobalSection(NestedProjects) = preSolution
		{0EC11935-0821-4EE5-8D3B-119A324E2971} = {6A53417E-E79F-4906-A7B3-B24E4F0B4161}
		{955DD415-063D-4D28-88FA-D1FBD9C8E1D3} = {6A53417E-E79F-4906-A7B3-B24E4F0B4161}
		{8BC925A2-20DB-45BB-8BDE-3E48B389D933} = {6A53417E-E79F-4906-A7B3-B24E4F0B4161}
		{9A2AADAD-8C90-4357-821A-74B5E352D2C1} = {955DD415-063D-4D28-88FA-D1FBD9C8E1D3}
		{153185FC-D64C-4326-AA4C-7D511A1B827A} = {9A2AADAD-8C90-4357-821A-74B5E352D2C1}
		{324ACAD9-7C83-4BFF-AEAB-1944F7C8F005} = {8BC925A2-20DB-45BB-8BDE-3E48B389D933}
		{D12D3DBA-5816-477B-AA04-7FFE72607A6F} = {324ACAD9-7C83-4BFF-AEAB-1944F7C8F005}
		{314BA587-6A05-448A-B25F-C3254182DCE2} = {955DD415-063D-4D28-88FA-D1FBD9C8E1D3}
		{F66B67FF-02CD-4CCA-BA1E-F980EC39B89F} = {314BA587-6A05-448A-B25F-C3254182DCE2}
		{441C5E97-C493-452A-A3E9-6187D81F59BC} = {955DD415-063D-4D28-88FA-D1FBD9C8E1D3}
		{F21213FD-BBDB-4120-A48F-A53B5FAC4224} = {441C5E97-C493-452A-A3E9-6187D81F59BC}
		{7C61112B-93D5-41FB-9C40-03DDBA86BE9E} = {955DD415-063D-4D28-88FA-D1FBD9C8E1D3}
		{AD73EEAD-953B-4D2F-A9E8-9A0812721B78} = {7C61112B-93D5-41FB-9C40-03DDBA86BE9E}
		{DCD91282-83CB-4F7F-B568-132199A20A3C} = {955DD415-063D-4D28-88FA-D1FBD9C8E1D3}
		{5B652E9A-EE6B-44AC-A3A0-0B60EDF1AC91} = {DCD91282-83CB-4F7F-B568-132199A20A3C}
		{7407E6DB-D0D6-44FE-9FF9-D038954166CB} = {955DD415-063D-4D28-88FA-D1FBD9C8E1D3}
		{6749AD3D-B4A2-47D0-96B5-CE7551502B97} = {7407E6DB-D0D6-44FE-9FF9-D038954166CB}
	EndGlobalSection
	GlobalSection(ExtensibilityGlobals) = postSolution
		SolutionGuid = {390A5D8B-39EE-49CA-B8F5-9A04E0CF8B44}
	EndGlobalSection
EndGlobal
